
Microsoft Visual Studio Solution File, Format Version 12.00
# Visual Studio Version 17
VisualStudioVersion = 17.0.31919.166
MinimumVisualStudioVersion = 10.0.40219.1
Project("{FAE04EC0-301F-11D3-BF4B-00C04F79EFBC}") = "NetBank.SharedPackages", "NetBank.SharedPackages\NetBank.SharedPackages.csproj", "{F3E0F0E9-3C88-4788-9535-4BBE376E4692}"
EndProject
Project("{FAE04EC0-301F-11D3-BF4B-00C04F79EFBC}") = "NetBank.SharedPackages.Infra", "NetBank.SharedPackages.Infra\NetBank.SharedPackages.Infra.csproj", "{92FDB208-FADF-49BF-BCCD-8C2DE0A1694C}"
EndProject
Global
	GlobalSection(SolutionConfigurationPlatforms) = preSolution
		Debug|Any CPU = Debug|Any CPU
		Release|Any CPU = Release|Any CPU
	EndGlobalSection
	GlobalSection(ProjectConfigurationPlatforms) = postSolution
		{F3E0F0E9-3C88-4788-9535-4BBE376E4692}.Debug|Any CPU.ActiveCfg = Debug|Any CPU
		{F3E0F0E9-3C88-4788-9535-4BBE376E4692}.Debug|Any CPU.Build.0 = Debug|Any CPU
		{F3E0F0E9-3C88-4788-9535-4BBE376E4692}.Release|Any CPU.ActiveCfg = Release|Any CPU
		{F3E0F0E9-3C88-4788-9535-4BBE376E4692}.Release|Any CPU.Build.0 = Release|Any CPU
		{92FDB208-FADF-49BF-BCCD-8C2DE0A1694C}.Debug|Any CPU.ActiveCfg = Debug|Any CPU
		{92FDB208-FADF-49BF-BCCD-8C2DE0A1694C}.Debug|Any CPU.Build.0 = Debug|Any CPU
		{92FDB208-FADF-49BF-BCCD-8C2DE0A1694C}.Release|Any CPU.ActiveCfg = Release|Any CPU
		{92FDB208-FADF-49BF-BCCD-8C2DE0A1694C}.Release|Any CPU.Build.0 = Release|Any CPU
	EndGlobalSection
	GlobalSection(SolutionProperties) = preSolution
		HideSolutionNode = FALSE
	EndGlobalSection
	GlobalSection(ExtensibilityGlobals) = postSolution
		SolutionGuid = {DEB0575A-1DDD-4476-8FB9-6D509F57AACC}
	EndGlobalSection
EndGlobal
