
Microsoft Visual Studio Solution File, Format Version 12.00
# Visual Studio Version 17
VisualStudioVersion = 17.0.31919.166
MinimumVisualStudioVersion = 10.0.40219.1
Project("{FAE04EC0-301F-11D3-BF4B-00C04F79EFBC}") = "NetBank.Users.API", "NetBank.Users.API\NetBank.Users.API.csproj", "{0F220E0B-D363-4E6D-9387-8A45B014560C}"
EndProject
Project("{FAE04EC0-301F-11D3-BF4B-00C04F79EFBC}") = "NetBank.Users.Domain", "NetBank.Users.Domain\NetBank.Users.Domain.csproj", "{6E208DB6-EA07-456B-BE9F-91381BBCC943}"
EndProject
Project("{FAE04EC0-301F-11D3-BF4B-00C04F79EFBC}") = "NetBank.Users.Infra", "NetBank.Users.Infra\NetBank.Users.Infra.csproj", "{ADEE2230-5422-4C67-ACE0-3A8267A5E18C}"
EndProject
Global
	GlobalSection(SolutionConfigurationPlatforms) = preSolution
		Debug|Any CPU = Debug|Any CPU
		Release|Any CPU = Release|Any CPU
	EndGlobalSection
	GlobalSection(ProjectConfigurationPlatforms) = postSolution
		{0F220E0B-D363-4E6D-9387-8A45B014560C}.Debug|Any CPU.ActiveCfg = Debug|Any CPU
		{0F220E0B-D363-4E6D-9387-8A45B014560C}.Debug|Any CPU.Build.0 = Debug|Any CPU
		{0F220E0B-D363-4E6D-9387-8A45B014560C}.Release|Any CPU.ActiveCfg = Release|Any CPU
		{0F220E0B-D363-4E6D-9387-8A45B014560C}.Release|Any CPU.Build.0 = Release|Any CPU
		{6E208DB6-EA07-456B-BE9F-91381BBCC943}.Debug|Any CPU.ActiveCfg = Debug|Any CPU
		{6E208DB6-EA07-456B-BE9F-91381BBCC943}.Debug|Any CPU.Build.0 = Debug|Any CPU
		{6E208DB6-EA07-456B-BE9F-91381BBCC943}.Release|Any CPU.ActiveCfg = Release|Any CPU
		{6E208DB6-EA07-456B-BE9F-91381BBCC943}.Release|Any CPU.Build.0 = Release|Any CPU
		{ADEE2230-5422-4C67-ACE0-3A8267A5E18C}.Debug|Any CPU.ActiveCfg = Debug|Any CPU
		{ADEE2230-5422-4C67-ACE0-3A8267A5E18C}.Debug|Any CPU.Build.0 = Debug|Any CPU
		{ADEE2230-5422-4C67-ACE0-3A8267A5E18C}.Release|Any CPU.ActiveCfg = Release|Any CPU
		{ADEE2230-5422-4C67-ACE0-3A8267A5E18C}.Release|Any CPU.Build.0 = Release|Any CPU
	EndGlobalSection
	GlobalSection(SolutionProperties) = preSolution
		HideSolutionNode = FALSE
	EndGlobalSection
	GlobalSection(ExtensibilityGlobals) = postSolution
		SolutionGuid = {3B39960A-8A84-4CDE-B06B-2FB936A830E8}
	EndGlobalSection
EndGlobal
